// !$*UTF8*$!
{
	archiveVersion = 1;
	classes = {
	};
	objectVersion = 55;
	objects = {

/* Begin PBXBuildFile section */
		984C668628B6ADCE00391C92 /* SDWebImage in Frameworks */ = {isa = PBXBuildFile; productRef = 984C668528B6ADCE00391C92 /* SDWebImage */; };
		984C668928B6AEB200391C92 /* Collections in Frameworks */ = {isa = PBXBuildFile; productRef = 984C668828B6AEB200391C92 /* Collections */; };
		984C668B28B6AEB200391C92 /* DequeModule in Frameworks */ = {isa = PBXBuildFile; productRef = 984C668A28B6AEB200391C92 /* DequeModule */; };
		984C668D28B6AEB200391C92 /* OrderedCollections in Frameworks */ = {isa = PBXBuildFile; productRef = 984C668C28B6AEB200391C92 /* OrderedCollections */; };
		989A3A7B28B6A4F400D1C6F0 /* AppDelegate.swift in Sources */ = {isa = PBXBuildFile; fileRef = 989A3A7A28B6A4F400D1C6F0 /* AppDelegate.swift */; };
		989A3A7D28B6A4F400D1C6F0 /* SceneDelegate.swift in Sources */ = {isa = PBXBuildFile; fileRef = 989A3A7C28B6A4F400D1C6F0 /* SceneDelegate.swift */; };
		989A3A8428B6A4F600D1C6F0 /* Assets.xcassets in Resources */ = {isa = PBXBuildFile; fileRef = 989A3A8328B6A4F600D1C6F0 /* Assets.xcassets */; };
		989A3A8728B6A4F600D1C6F0 /* LaunchScreen.storyboard in Resources */ = {isa = PBXBuildFile; fileRef = 989A3A8528B6A4F600D1C6F0 /* LaunchScreen.storyboard */; };
		989A3A9328B6A5A800D1C6F0 /* APICaller.swift in Sources */ = {isa = PBXBuildFile; fileRef = 989A3A9228B6A5A800D1C6F0 /* APICaller.swift */; };
		989A3A9528B6A5FA00D1C6F0 /* CocktailCollectionViewCell.swift in Sources */ = {isa = PBXBuildFile; fileRef = 989A3A9428B6A5FA00D1C6F0 /* CocktailCollectionViewCell.swift */; };
		989A3A9728B6A6D500D1C6F0 /* Cocktails.swift in Sources */ = {isa = PBXBuildFile; fileRef = 989A3A9628B6A6D500D1C6F0 /* Cocktails.swift */; };
		989A3A9928B6A7C500D1C6F0 /* CocktailResponse.swift in Sources */ = {isa = PBXBuildFile; fileRef = 989A3A9828B6A7C500D1C6F0 /* CocktailResponse.swift */; };
		989A3A9B28B6A7F400D1C6F0 /* CollectionViewTableViewCell.swift in Sources */ = {isa = PBXBuildFile; fileRef = 989A3A9A28B6A7F400D1C6F0 /* CollectionViewTableViewCell.swift */; };
		989A3A9D28B6A81A00D1C6F0 /* IngredientTableViewCell.swift in Sources */ = {isa = PBXBuildFile; fileRef = 989A3A9C28B6A81A00D1C6F0 /* IngredientTableViewCell.swift */; };
		989A3A9F28B6A84600D1C6F0 /* MainTabBarController.swift in Sources */ = {isa = PBXBuildFile; fileRef = 989A3A9E28B6A84600D1C6F0 /* MainTabBarController.swift */; };
		989A3AA128B6A86A00D1C6F0 /* HomeViewController.swift in Sources */ = {isa = PBXBuildFile; fileRef = 989A3AA028B6A86A00D1C6F0 /* HomeViewController.swift */; };
		989A3AA328B6A8A000D1C6F0 /* SearchViewController.swift in Sources */ = {isa = PBXBuildFile; fileRef = 989A3AA228B6A8A000D1C6F0 /* SearchViewController.swift */; };
		989A3AA528B6A8C100D1C6F0 /* CocktailDetailViewController.swift in Sources */ = {isa = PBXBuildFile; fileRef = 989A3AA428B6A8C100D1C6F0 /* CocktailDetailViewController.swift */; };
/* End PBXBuildFile section */

/* Begin PBXFileReference section */
		989A3A7728B6A4F400D1C6F0 /* DrinkApp.app */ = {isa = PBXFileReference; explicitFileType = wrapper.application; includeInIndex = 0; path = DrinkApp.app; sourceTree = BUILT_PRODUCTS_DIR; };
		989A3A7A28B6A4F400D1C6F0 /* AppDelegate.swift */ = {isa = PBXFileReference; lastKnownFileType = sourcecode.swift; path = AppDelegate.swift; sourceTree = "<group>"; };
		989A3A7C28B6A4F400D1C6F0 /* SceneDelegate.swift */ = {isa = PBXFileReference; lastKnownFileType = sourcecode.swift; path = SceneDelegate.swift; sourceTree = "<group>"; };
		989A3A8328B6A4F600D1C6F0 /* Assets.xcassets */ = {isa = PBXFileReference; lastKnownFileType = folder.assetcatalog; path = Assets.xcassets; sourceTree = "<group>"; };
		989A3A8628B6A4F600D1C6F0 /* Base */ = {isa = PBXFileReference; lastKnownFileType = file.storyboard; name = Base; path = Base.lproj/LaunchScreen.storyboard; sourceTree = "<group>"; };
		989A3A8828B6A4F600D1C6F0 /* Info.plist */ = {isa = PBXFileReference; lastKnownFileType = text.plist.xml; path = Info.plist; sourceTree = "<group>"; };
		989A3A9228B6A5A800D1C6F0 /* APICaller.swift */ = {isa = PBXFileReference; lastKnownFileType = sourcecode.swift; path = APICaller.swift; sourceTree = "<group>"; };
		989A3A9428B6A5FA00D1C6F0 /* CocktailCollectionViewCell.swift */ = {isa = PBXFileReference; lastKnownFileType = sourcecode.swift; path = CocktailCollectionViewCell.swift; sourceTree = "<group>"; };
		989A3A9628B6A6D500D1C6F0 /* Cocktails.swift */ = {isa = PBXFileReference; lastKnownFileType = sourcecode.swift; path = Cocktails.swift; sourceTree = "<group>"; };
		989A3A9828B6A7C500D1C6F0 /* CocktailResponse.swift */ = {isa = PBXFileReference; lastKnownFileType = sourcecode.swift; path = CocktailResponse.swift; sourceTree = "<group>"; };
		989A3A9A28B6A7F400D1C6F0 /* CollectionViewTableViewCell.swift */ = {isa = PBXFileReference; lastKnownFileType = sourcecode.swift; path = CollectionViewTableViewCell.swift; sourceTree = "<group>"; };
		989A3A9C28B6A81A00D1C6F0 /* IngredientTableViewCell.swift */ = {isa = PBXFileReference; lastKnownFileType = sourcecode.swift; path = IngredientTableViewCell.swift; sourceTree = "<group>"; };
		989A3A9E28B6A84600D1C6F0 /* MainTabBarController.swift */ = {isa = PBXFileReference; lastKnownFileType = sourcecode.swift; path = MainTabBarController.swift; sourceTree = "<group>"; };
		989A3AA028B6A86A00D1C6F0 /* HomeViewController.swift */ = {isa = PBXFileReference; lastKnownFileType = sourcecode.swift; path = HomeViewController.swift; sourceTree = "<group>"; };
		989A3AA228B6A8A000D1C6F0 /* SearchViewController.swift */ = {isa = PBXFileReference; lastKnownFileType = sourcecode.swift; path = SearchViewController.swift; sourceTree = "<group>"; };
		989A3AA428B6A8C100D1C6F0 /* CocktailDetailViewController.swift */ = {isa = PBXFileReference; lastKnownFileType = sourcecode.swift; path = CocktailDetailViewController.swift; sourceTree = "<group>"; };
/* End PBXFileReference section */

/* Begin PBXFrameworksBuildPhase section */
		989A3A7428B6A4F400D1C6F0 /* Frameworks */ = {
			isa = PBXFrameworksBuildPhase;
			buildActionMask = 2147483647;
			files = (
				984C668928B6AEB200391C92 /* Collections in Frameworks */,
				984C668628B6ADCE00391C92 /* SDWebImage in Frameworks */,
				984C668D28B6AEB200391C92 /* OrderedCollections in Frameworks */,
				984C668B28B6AEB200391C92 /* DequeModule in Frameworks */,
			);
			runOnlyForDeploymentPostprocessing = 0;
		};
/* End PBXFrameworksBuildPhase section */

/* Begin PBXGroup section */
		989A3A6E28B6A4F400D1C6F0 = {
			isa = PBXGroup;
			children = (
				989A3A7928B6A4F400D1C6F0 /* DrinkApp */,
				989A3A7828B6A4F400D1C6F0 /* Products */,
			);
			sourceTree = "<group>";
		};
		989A3A7828B6A4F400D1C6F0 /* Products */ = {
			isa = PBXGroup;
			children = (
				989A3A7728B6A4F400D1C6F0 /* DrinkApp.app */,
			);
			name = Products;
			sourceTree = "<group>";
		};
		989A3A7928B6A4F400D1C6F0 /* DrinkApp */ = {
			isa = PBXGroup;
			children = (
				989A3A9128B6A54B00D1C6F0 /* Controllers */,
				989A3A9028B6A53E00D1C6F0 /* Views */,
				989A3A8F28B6A52600D1C6F0 /* API */,
				989A3A8E28B6A51E00D1C6F0 /* Models */,
				989A3A7A28B6A4F400D1C6F0 /* AppDelegate.swift */,
				989A3A7C28B6A4F400D1C6F0 /* SceneDelegate.swift */,
				989A3A8328B6A4F600D1C6F0 /* Assets.xcassets */,
				989A3A8528B6A4F600D1C6F0 /* LaunchScreen.storyboard */,
				989A3A8828B6A4F600D1C6F0 /* Info.plist */,
			);
			path = DrinkApp;
			sourceTree = "<group>";
		};
		989A3A8E28B6A51E00D1C6F0 /* Models */ = {
			isa = PBXGroup;
			children = (
				989A3A9628B6A6D500D1C6F0 /* Cocktails.swift */,
				989A3A9828B6A7C500D1C6F0 /* CocktailResponse.swift */,
			);
			path = Models;
			sourceTree = "<group>";
		};
		989A3A8F28B6A52600D1C6F0 /* API */ = {
			isa = PBXGroup;
			children = (
				989A3A9228B6A5A800D1C6F0 /* APICaller.swift */,
			);
			path = API;
			sourceTree = "<group>";
		};
		989A3A9028B6A53E00D1C6F0 /* Views */ = {
			isa = PBXGroup;
			children = (
				989A3A9428B6A5FA00D1C6F0 /* CocktailCollectionViewCell.swift */,
				989A3A9A28B6A7F400D1C6F0 /* CollectionViewTableViewCell.swift */,
				989A3A9C28B6A81A00D1C6F0 /* IngredientTableViewCell.swift */,
			);
			path = Views;
			sourceTree = "<group>";
		};
		989A3A9128B6A54B00D1C6F0 /* Controllers */ = {
			isa = PBXGroup;
			children = (
				989A3A9E28B6A84600D1C6F0 /* MainTabBarController.swift */,
				989A3AA028B6A86A00D1C6F0 /* HomeViewController.swift */,
				989A3AA228B6A8A000D1C6F0 /* SearchViewController.swift */,
				989A3AA428B6A8C100D1C6F0 /* CocktailDetailViewController.swift */,
			);
			path = Controllers;
			sourceTree = "<group>";
		};
/* End PBXGroup section */

/* Begin PBXNativeTarget section */
		989A3A7628B6A4F400D1C6F0 /* DrinkApp */ = {
			isa = PBXNativeTarget;
			buildConfigurationList = 989A3A8B28B6A4F600D1C6F0 /* Build configuration list for PBXNativeTarget "DrinkApp" */;
			buildPhases = (
				989A3A7328B6A4F400D1C6F0 /* Sources */,
				989A3A7428B6A4F400D1C6F0 /* Frameworks */,
				989A3A7528B6A4F400D1C6F0 /* Resources */,
			);
			buildRules = (
			);
			dependencies = (
			);
			name = DrinkApp;
			packageProductDependencies = (
				984C668528B6ADCE00391C92 /* SDWebImage */,
				984C668828B6AEB200391C92 /* Collections */,
				984C668A28B6AEB200391C92 /* DequeModule */,
				984C668C28B6AEB200391C92 /* OrderedCollections */,
			);
			productName = DrinkApp;
			productReference = 989A3A7728B6A4F400D1C6F0 /* DrinkApp.app */;
			productType = "com.apple.product-type.application";
		};
/* End PBXNativeTarget section */

/* Begin PBXProject section */
		989A3A6F28B6A4F400D1C6F0 /* Project object */ = {
			isa = PBXProject;
			attributes = {
				BuildIndependentTargetsInParallel = 1;
				LastSwiftUpdateCheck = 1340;
				LastUpgradeCheck = 1340;
				TargetAttributes = {
					989A3A7628B6A4F400D1C6F0 = {
						CreatedOnToolsVersion = 13.4.1;
					};
				};
			};
			buildConfigurationList = 989A3A7228B6A4F400D1C6F0 /* Build configuration list for PBXProject "DrinkApp" */;
			compatibilityVersion = "Xcode 13.0";
			developmentRegion = en;
			hasScannedForEncodings = 0;
			knownRegions = (
				en,
				Base,
			);
			mainGroup = 989A3A6E28B6A4F400D1C6F0;
			packageReferences = (
				984C668428B6ADCE00391C92 /* XCRemoteSwiftPackageReference "SDWebImage" */,
				984C668728B6AEB200391C92 /* XCRemoteSwiftPackageReference "swift-collections" */,
			);
			productRefGroup = 989A3A7828B6A4F400D1C6F0 /* Products */;
			projectDirPath = "";
			projectRoot = "";
			targets = (
				989A3A7628B6A4F400D1C6F0 /* DrinkApp */,
			);
		};
/* End PBXProject section */

/* Begin PBXResourcesBuildPhase section */
		989A3A7528B6A4F400D1C6F0 /* Resources */ = {
			isa = PBXResourcesBuildPhase;
			buildActionMask = 2147483647;
			files = (
				989A3A8728B6A4F600D1C6F0 /* LaunchScreen.storyboard in Resources */,
				989A3A8428B6A4F600D1C6F0 /* Assets.xcassets in Resources */,
			);
			runOnlyForDeploymentPostprocessing = 0;
		};
/* End PBXResourcesBuildPhase section */

/* Begin PBXSourcesBuildPhase section */
		989A3A7328B6A4F400D1C6F0 /* Sources */ = {
			isa = PBXSourcesBuildPhase;
			buildActionMask = 2147483647;
			files = (
				989A3A9528B6A5FA00D1C6F0 /* CocktailCollectionViewCell.swift in Sources */,
				989A3AA328B6A8A000D1C6F0 /* SearchViewController.swift in Sources */,
				989A3A7B28B6A4F400D1C6F0 /* AppDelegate.swift in Sources */,
				989A3A9F28B6A84600D1C6F0 /* MainTabBarController.swift in Sources */,
				989A3A9728B6A6D500D1C6F0 /* Cocktails.swift in Sources */,
				989A3AA528B6A8C100D1C6F0 /* CocktailDetailViewController.swift in Sources */,
				989A3A9B28B6A7F400D1C6F0 /* CollectionViewTableViewCell.swift in Sources */,
				989A3AA128B6A86A00D1C6F0 /* HomeViewController.swift in Sources */,
				989A3A9D28B6A81A00D1C6F0 /* IngredientTableViewCell.swift in Sources */,
				989A3A9328B6A5A800D1C6F0 /* APICaller.swift in Sources */,
				989A3A9928B6A7C500D1C6F0 /* CocktailResponse.swift in Sources */,
				989A3A7D28B6A4F400D1C6F0 /* SceneDelegate.swift in Sources */,
			);
			runOnlyForDeploymentPostprocessing = 0;
		};
/* End PBXSourcesBuildPhase section */

/* Begin PBXVariantGroup section */
		989A3A8528B6A4F600D1C6F0 /* LaunchScreen.storyboard */ = {
			isa = PBXVariantGroup;
			children = (
				989A3A8628B6A4F600D1C6F0 /* Base */,
			);
			name = LaunchScreen.storyboard;
			sourceTree = "<group>";
		};
/* End PBXVariantGroup section */

/* Begin XCBuildConfiguration section */
		989A3A8928B6A4F600D1C6F0 /* Debug */ = {
			isa = XCBuildConfiguration;
			buildSettings = {
				ALWAYS_SEARCH_USER_PATHS = NO;
				CLANG_ANALYZER_NONNULL = YES;
				CLANG_ANALYZER_NUMBER_OBJECT_CONVERSION = YES_AGGRESSIVE;
				CLANG_CXX_LANGUAGE_STANDARD = "gnu++17";
				CLANG_ENABLE_MODULES = YES;
				CLANG_ENABLE_OBJC_ARC = YES;
				CLANG_ENABLE_OBJC_WEAK = YES;
				CLANG_WARN_BLOCK_CAPTURE_AUTORELEASING = YES;
				CLANG_WARN_BOOL_CONVERSION = YES;
				CLANG_WARN_COMMA = YES;
				CLANG_WARN_CONSTANT_CONVERSION = YES;
				CLANG_WARN_DEPRECATED_OBJC_IMPLEMENTATIONS = YES;
				CLANG_WARN_DIRECT_OBJC_ISA_USAGE = YES_ERROR;
				CLANG_WARN_DOCUMENTATION_COMMENTS = YES;
				CLANG_WARN_EMPTY_BODY = YES;
				CLANG_WARN_ENUM_CONVERSION = YES;
				CLANG_WARN_INFINITE_RECURSION = YES;
				CLANG_WARN_INT_CONVERSION = YES;
				CLANG_WARN_NON_LITERAL_NULL_CONVERSION = YES;
				CLANG_WARN_OBJC_IMPLICIT_RETAIN_SELF = YES;
				CLANG_WARN_OBJC_LITERAL_CONVERSION = YES;
				CLANG_WARN_OBJC_ROOT_CLASS = YES_ERROR;
				CLANG_WARN_QUOTED_INCLUDE_IN_FRAMEWORK_HEADER = YES;
				CLANG_WARN_RANGE_LOOP_ANALYSIS = YES;
				CLANG_WARN_STRICT_PROTOTYPES = YES;
				CLANG_WARN_SUSPICIOUS_MOVE = YES;
				CLANG_WARN_UNGUARDED_AVAILABILITY = YES_AGGRESSIVE;
				CLANG_WARN_UNREACHABLE_CODE = YES;
				CLANG_WARN__DUPLICATE_METHOD_MATCH = YES;
				COPY_PHASE_STRIP = NO;
				DEBUG_INFORMATION_FORMAT = dwarf;
				ENABLE_STRICT_OBJC_MSGSEND = YES;
				ENABLE_TESTABILITY = YES;
				GCC_C_LANGUAGE_STANDARD = gnu11;
				GCC_DYNAMIC_NO_PIC = NO;
				GCC_NO_COMMON_BLOCKS = YES;
				GCC_OPTIMIZATION_LEVEL = 0;
				GCC_PREPROCESSOR_DEFINITIONS = (
					"DEBUG=1",
					"$(inherited)",
				);
				GCC_WARN_64_TO_32_BIT_CONVERSION = YES;
				GCC_WARN_ABOUT_RETURN_TYPE = YES_ERROR;
				GCC_WARN_UNDECLARED_SELECTOR = YES;
				GCC_WARN_UNINITIALIZED_AUTOS = YES_AGGRESSIVE;
				GCC_WARN_UNUSED_FUNCTION = YES;
				GCC_WARN_UNUSED_VARIABLE = YES;
				IPHONEOS_DEPLOYMENT_TARGET = 15.5;
				MTL_ENABLE_DEBUG_INFO = INCLUDE_SOURCE;
				MTL_FAST_MATH = YES;
				ONLY_ACTIVE_ARCH = YES;
				SDKROOT = iphoneos;
				SWIFT_ACTIVE_COMPILATION_CONDITIONS = DEBUG;
				SWIFT_OPTIMIZATION_LEVEL = "-Onone";
			};
			name = Debug;
		};
		989A3A8A28B6A4F600D1C6F0 /* Release */ = {
			isa = XCBuildConfiguration;
			buildSettings = {
				ALWAYS_SEARCH_USER_PATHS = NO;
				CLANG_ANALYZER_NONNULL = YES;
				CLANG_ANALYZER_NUMBER_OBJECT_CONVERSION = YES_AGGRESSIVE;
				CLANG_CXX_LANGUAGE_STANDARD = "gnu++17";
				CLANG_ENABLE_MODULES = YES;
				CLANG_ENABLE_OBJC_ARC = YES;
				CLANG_ENABLE_OBJC_WEAK = YES;
				CLANG_WARN_BLOCK_CAPTURE_AUTORELEASING = YES;
				CLANG_WARN_BOOL_CONVERSION = YES;
				CLANG_WARN_COMMA = YES;
				CLANG_WARN_CONSTANT_CONVERSION = YES;
				CLANG_WARN_DEPRECATED_OBJC_IMPLEMENTATIONS = YES;
				CLANG_WARN_DIRECT_OBJC_ISA_USAGE = YES_ERROR;
				CLANG_WARN_DOCUMENTATION_COMMENTS = YES;
				CLANG_WARN_EMPTY_BODY = YES;
				CLANG_WARN_ENUM_CONVERSION = YES;
				CLANG_WARN_INFINITE_RECURSION = YES;
				CLANG_WARN_INT_CONVERSION = YES;
				CLANG_WARN_NON_LITERAL_NULL_CONVERSION = YES;
				CLANG_WARN_OBJC_IMPLICIT_RETAIN_SELF = YES;
				CLANG_WARN_OBJC_LITERAL_CONVERSION = YES;
				CLANG_WARN_OBJC_ROOT_CLASS = YES_ERROR;
				CLANG_WARN_QUOTED_INCLUDE_IN_FRAMEWORK_HEADER = YES;
				CLANG_WARN_RANGE_LOOP_ANALYSIS = YES;
				CLANG_WARN_STRICT_PROTOTYPES = YES;
				CLANG_WARN_SUSPICIOUS_MOVE = YES;
				CLANG_WARN_UNGUARDED_AVAILABILITY = YES_AGGRESSIVE;
				CLANG_WARN_UNREACHABLE_CODE = YES;
				CLANG_WARN__DUPLICATE_METHOD_MATCH = YES;
				COPY_PHASE_STRIP = NO;
				DEBUG_INFORMATION_FORMAT = "dwarf-with-dsym";
				ENABLE_NS_ASSERTIONS = NO;
				ENABLE_STRICT_OBJC_MSGSEND = YES;
				GCC_C_LANGUAGE_STANDARD = gnu11;
				GCC_NO_COMMON_BLOCKS = YES;
				GCC_WARN_64_TO_32_BIT_CONVERSION = YES;
				GCC_WARN_ABOUT_RETURN_TYPE = YES_ERROR;
				GCC_WARN_UNDECLARED_SELECTOR = YES;
				GCC_WARN_UNINITIALIZED_AUTOS = YES_AGGRESSIVE;
				GCC_WARN_UNUSED_FUNCTION = YES;
				GCC_WARN_UNUSED_VARIABLE = YES;
				IPHONEOS_DEPLOYMENT_TARGET = 15.5;
				MTL_ENABLE_DEBUG_INFO = NO;
				MTL_FAST_MATH = YES;
				SDKROOT = iphoneos;
				SWIFT_COMPILATION_MODE = wholemodule;
				SWIFT_OPTIMIZATION_LEVEL = "-O";
				VALIDATE_PRODUCT = YES;
			};
			name = Release;
		};
		989A3A8C28B6A4F600D1C6F0 /* Debug */ = {
			isa = XCBuildConfiguration;
			buildSettings = {
				ASSETCATALOG_COMPILER_APPICON_NAME = AppIcon;
				ASSETCATALOG_COMPILER_GLOBAL_ACCENT_COLOR_NAME = AccentColor;
				CODE_SIGN_STYLE = Automatic;
				CURRENT_PROJECT_VERSION = 1;
				DEVELOPMENT_TEAM = CHW28KLCD8;
				GENERATE_INFOPLIST_FILE = YES;
				INFOPLIST_FILE = DrinkApp/Info.plist;
				INFOPLIST_KEY_UIApplicationSupportsIndirectInputEvents = YES;
				INFOPLIST_KEY_UILaunchStoryboardName = LaunchScreen;
				INFOPLIST_KEY_UISupportedInterfaceOrientations = UIInterfaceOrientationPortrait;
				INFOPLIST_KEY_UISupportedInterfaceOrientations_iPad = "UIInterfaceOrientationPortrait UIInterfaceOrientationPortraitUpsideDown UIInterfaceOrientationLandscapeLeft UIInterfaceOrientationLandscapeRight";
				INFOPLIST_KEY_UISupportedInterfaceOrientations_iPhone = UIInterfaceOrientationPortrait;
				IPHONEOS_DEPLOYMENT_TARGET = 15.5;
				LD_RUNPATH_SEARCH_PATHS = (
					"$(inherited)",
					"@executable_path/Frameworks",
				);
				MARKETING_VERSION = 1.0;
				PRODUCT_BUNDLE_IDENTIFIER = com.rzechol.DrinkApp;
				PRODUCT_NAME = "$(TARGET_NAME)";
				SWIFT_EMIT_LOC_STRINGS = YES;
				SWIFT_VERSION = 5.0;
				TARGETED_DEVICE_FAMILY = "1,2";
			};
			name = Debug;
		};
		989A3A8D28B6A4F600D1C6F0 /* Release */ = {
			isa = XCBuildConfiguration;
			buildSettings = {
				ASSETCATALOG_COMPILER_APPICON_NAME = AppIcon;
				ASSETCATALOG_COMPILER_GLOBAL_ACCENT_COLOR_NAME = AccentColor;
				CODE_SIGN_STYLE = Automatic;
				CURRENT_PROJECT_VERSION = 1;
				DEVELOPMENT_TEAM = CHW28KLCD8;
				GENERATE_INFOPLIST_FILE = YES;
				INFOPLIST_FILE = DrinkApp/Info.plist;
				INFOPLIST_KEY_UIApplicationSupportsIndirectInputEvents = YES;
				INFOPLIST_KEY_UILaunchStoryboardName = LaunchScreen;
				INFOPLIST_KEY_UISupportedInterfaceOrientations = UIInterfaceOrientationPortrait;
				INFOPLIST_KEY_UISupportedInterfaceOrientations_iPad = "UIInterfaceOrientationPortrait UIInterfaceOrientationPortraitUpsideDown UIInterfaceOrientationLandscapeLeft UIInterfaceOrientationLandscapeRight";
				INFOPLIST_KEY_UISupportedInterfaceOrientations_iPhone = UIInterfaceOrientationPortrait;
				IPHONEOS_DEPLOYMENT_TARGET = 15.5;
				LD_RUNPATH_SEARCH_PATHS = (
					"$(inherited)",
					"@executable_path/Frameworks",
				);
				MARKETING_VERSION = 1.0;
				PRODUCT_BUNDLE_IDENTIFIER = com.rzechol.DrinkApp;
				PRODUCT_NAME = "$(TARGET_NAME)";
				SWIFT_EMIT_LOC_STRINGS = YES;
				SWIFT_VERSION = 5.0;
				TARGETED_DEVICE_FAMILY = "1,2";
			};
			name = Release;
		};
/* End XCBuildConfiguration section */

/* Begin XCConfigurationList section */
		989A3A7228B6A4F400D1C6F0 /* Build configuration list for PBXProject "DrinkApp" */ = {
			isa = XCConfigurationList;
			buildConfigurations = (
				989A3A8928B6A4F600D1C6F0 /* Debug */,
				989A3A8A28B6A4F600D1C6F0 /* Release */,
			);
			defaultConfigurationIsVisible = 0;
			defaultConfigurationName = Release;
		};
		989A3A8B28B6A4F600D1C6F0 /* Build configuration list for PBXNativeTarget "DrinkApp" */ = {
			isa = XCConfigurationList;
			buildConfigurations = (
				989A3A8C28B6A4F600D1C6F0 /* Debug */,
				989A3A8D28B6A4F600D1C6F0 /* Release */,
			);
			defaultConfigurationIsVisible = 0;
			defaultConfigurationName = Release;
		};
/* End XCConfigurationList section */

/* Begin XCRemoteSwiftPackageReference section */
		984C668428B6ADCE00391C92 /* XCRemoteSwiftPackageReference "SDWebImage" */ = {
			isa = XCRemoteSwiftPackageReference;
			repositoryURL = "https://github.com/SDWebImage/SDWebImage";
			requirement = {
				branch = master;
				kind = branch;
			};
		};
		984C668728B6AEB200391C92 /* XCRemoteSwiftPackageReference "swift-collections" */ = {
			isa = XCRemoteSwiftPackageReference;
			repositoryURL = "https://github.com/apple/swift-collections.git";
			requirement = {
				kind = upToNextMajorVersion;
				minimumVersion = 1.0.0;
			};
		};
/* End XCRemoteSwiftPackageReference section */

/* Begin XCSwiftPackageProductDependency section */
		984C668528B6ADCE00391C92 /* SDWebImage */ = {
			isa = XCSwiftPackageProductDependency;
			package = 984C668428B6ADCE00391C92 /* XCRemoteSwiftPackageReference "SDWebImage" */;
			productName = SDWebImage;
		};
		984C668828B6AEB200391C92 /* Collections */ = {
			isa = XCSwiftPackageProductDependency;
			package = 984C668728B6AEB200391C92 /* XCRemoteSwiftPackageReference "swift-collections" */;
			productName = Collections;
		};
		984C668A28B6AEB200391C92 /* DequeModule */ = {
			isa = XCSwiftPackageProductDependency;
			package = 984C668728B6AEB200391C92 /* XCRemoteSwiftPackageReference "swift-collections" */;
			productName = DequeModule;
		};
		984C668C28B6AEB200391C92 /* OrderedCollections */ = {
			isa = XCSwiftPackageProductDependency;
			package = 984C668728B6AEB200391C92 /* XCRemoteSwiftPackageReference "swift-collections" */;
			productName = OrderedCollections;
		};
/* End XCSwiftPackageProductDependency section */
	};
	rootObject = 989A3A6F28B6A4F400D1C6F0 /* Project object */;
}
